
Microsoft Visual Studio Solution File, Format Version 12.00
# Visual Studio 15
VisualStudioVersion = 15.0.28307.271
MinimumVisualStudioVersion = 10.0.40219.1
Project("{FAE04EC0-301F-11D3-BF4B-00C04F79EFBC}") = "Problem", "Problem\Problem.csproj", "{85A235A1-9F71-47BD-A750-3CFE4906080C}"
EndProject
Project("{FAE04EC0-301F-11D3-BF4B-00C04F79EFBC}") = "ViaInterfaces.Solution.2", "ViaInterfaces.Solution.2\ViaInterfaces.Solution.2.csproj", "{C8FA1D92-616F-450A-8EBC-D9F9CB7E88C0}"
EndProject
Project("{FAE04EC0-301F-11D3-BF4B-00C04F79EFBC}") = "ViaInterfaces.Solution.1", "ViaInterfaces.Solution.1\ViaInterfaces.Solution.1.csproj", "{0B779572-818F-419E-B377-265D111AC7AE}"
EndProject
Project("{FAE04EC0-301F-11D3-BF4B-00C04F79EFBC}") = "ViaActionDelegates", "ViaActionDelegates\ViaActionDelegates.csproj", "{F496B910-4A30-4D51-AFBE-95A017D4BA86}"
EndProject
Project("{FAE04EC0-301F-11D3-BF4B-00C04F79EFBC}") = "ViaEventHandler", "ViaEventHandler\ViaEventHandler.csproj", "{3522C56C-496D-444E-AD79-B9A39759D732}"
EndProject
Project("{FAE04EC0-301F-11D3-BF4B-00C04F79EFBC}") = "ViaEvents", "ViaEvents\ViaEvents.csproj", "{0634016F-F9C3-42D4-AEA3-4468F7B763C1}"
EndProject
Global
	GlobalSection(SolutionConfigurationPlatforms) = preSolution
		Debug|Any CPU = Debug|Any CPU
		Debug|x64 = Debug|x64
		Debug|x86 = Debug|x86
		Release|Any CPU = Release|Any CPU
		Release|x64 = Release|x64
		Release|x86 = Release|x86
	EndGlobalSection
	GlobalSection(ProjectConfigurationPlatforms) = postSolution
		{85A235A1-9F71-47BD-A750-3CFE4906080C}.Debug|Any CPU.ActiveCfg = Debug|Any CPU
		{85A235A1-9F71-47BD-A750-3CFE4906080C}.Debug|Any CPU.Build.0 = Debug|Any CPU
		{85A235A1-9F71-47BD-A750-3CFE4906080C}.Debug|x64.ActiveCfg = Debug|Any CPU
		{85A235A1-9F71-47BD-A750-3CFE4906080C}.Debug|x64.Build.0 = Debug|Any CPU
		{85A235A1-9F71-47BD-A750-3CFE4906080C}.Debug|x86.ActiveCfg = Debug|Any CPU
		{85A235A1-9F71-47BD-A750-3CFE4906080C}.Debug|x86.Build.0 = Debug|Any CPU
		{85A235A1-9F71-47BD-A750-3CFE4906080C}.Release|Any CPU.ActiveCfg = Release|Any CPU
		{85A235A1-9F71-47BD-A750-3CFE4906080C}.Release|Any CPU.Build.0 = Release|Any CPU
		{85A235A1-9F71-47BD-A750-3CFE4906080C}.Release|x64.ActiveCfg = Release|Any CPU
		{85A235A1-9F71-47BD-A750-3CFE4906080C}.Release|x64.Build.0 = Release|Any CPU
		{85A235A1-9F71-47BD-A750-3CFE4906080C}.Release|x86.ActiveCfg = Release|Any CPU
		{85A235A1-9F71-47BD-A750-3CFE4906080C}.Release|x86.Build.0 = Release|Any CPU
		{C8FA1D92-616F-450A-8EBC-D9F9CB7E88C0}.Debug|Any CPU.ActiveCfg = Debug|Any CPU
		{C8FA1D92-616F-450A-8EBC-D9F9CB7E88C0}.Debug|Any CPU.Build.0 = Debug|Any CPU
		{C8FA1D92-616F-450A-8EBC-D9F9CB7E88C0}.Debug|x64.ActiveCfg = Debug|Any CPU
		{C8FA1D92-616F-450A-8EBC-D9F9CB7E88C0}.Debug|x64.Build.0 = Debug|Any CPU
		{C8FA1D92-616F-450A-8EBC-D9F9CB7E88C0}.Debug|x86.ActiveCfg = Debug|Any CPU
		{C8FA1D92-616F-450A-8EBC-D9F9CB7E88C0}.Debug|x86.Build.0 = Debug|Any CPU
		{C8FA1D92-616F-450A-8EBC-D9F9CB7E88C0}.Release|Any CPU.ActiveCfg = Release|Any CPU
		{C8FA1D92-616F-450A-8EBC-D9F9CB7E88C0}.Release|Any CPU.Build.0 = Release|Any CPU
		{C8FA1D92-616F-450A-8EBC-D9F9CB7E88C0}.Release|x64.ActiveCfg = Release|Any CPU
		{C8FA1D92-616F-450A-8EBC-D9F9CB7E88C0}.Release|x64.Build.0 = Release|Any CPU
		{C8FA1D92-616F-450A-8EBC-D9F9CB7E88C0}.Release|x86.ActiveCfg = Release|Any CPU
		{C8FA1D92-616F-450A-8EBC-D9F9CB7E88C0}.Release|x86.Build.0 = Release|Any CPU
		{0B779572-818F-419E-B377-265D111AC7AE}.Debug|Any CPU.ActiveCfg = Debug|Any CPU
		{0B779572-818F-419E-B377-265D111AC7AE}.Debug|Any CPU.Build.0 = Debug|Any CPU
		{0B779572-818F-419E-B377-265D111AC7AE}.Debug|x64.ActiveCfg = Debug|Any CPU
		{0B779572-818F-419E-B377-265D111AC7AE}.Debug|x64.Build.0 = Debug|Any CPU
		{0B779572-818F-419E-B377-265D111AC7AE}.Debug|x86.ActiveCfg = Debug|Any CPU
		{0B779572-818F-419E-B377-265D111AC7AE}.Debug|x86.Build.0 = Debug|Any CPU
		{0B779572-818F-419E-B377-265D111AC7AE}.Release|Any CPU.ActiveCfg = Release|Any CPU
		{0B779572-818F-419E-B377-265D111AC7AE}.Release|Any CPU.Build.0 = Release|Any CPU
		{0B779572-818F-419E-B377-265D111AC7AE}.Release|x64.ActiveCfg = Release|Any CPU
		{0B779572-818F-419E-B377-265D111AC7AE}.Release|x64.Build.0 = Release|Any CPU
		{0B779572-818F-419E-B377-265D111AC7AE}.Release|x86.ActiveCfg = Release|Any CPU
		{0B779572-818F-419E-B377-265D111AC7AE}.Release|x86.Build.0 = Release|Any CPU
		{F496B910-4A30-4D51-AFBE-95A017D4BA86}.Debug|Any CPU.ActiveCfg = Debug|Any CPU
		{F496B910-4A30-4D51-AFBE-95A017D4BA86}.Debug|Any CPU.Build.0 = Debug|Any CPU
		{F496B910-4A30-4D51-AFBE-95A017D4BA86}.Debug|x64.ActiveCfg = Debug|Any CPU
		{F496B910-4A30-4D51-AFBE-95A017D4BA86}.Debug|x64.Build.0 = Debug|Any CPU
		{F496B910-4A30-4D51-AFBE-95A017D4BA86}.Debug|x86.ActiveCfg = Debug|Any CPU
		{F496B910-4A30-4D51-AFBE-95A017D4BA86}.Debug|x86.Build.0 = Debug|Any CPU
		{F496B910-4A30-4D51-AFBE-95A017D4BA86}.Release|Any CPU.ActiveCfg = Release|Any CPU
		{F496B910-4A30-4D51-AFBE-95A017D4BA86}.Release|Any CPU.Build.0 = Release|Any CPU
		{F496B910-4A30-4D51-AFBE-95A017D4BA86}.Release|x64.ActiveCfg = Release|Any CPU
		{F496B910-4A30-4D51-AFBE-95A017D4BA86}.Release|x64.Build.0 = Release|Any CPU
		{F496B910-4A30-4D51-AFBE-95A017D4BA86}.Release|x86.ActiveCfg = Release|Any CPU
		{F496B910-4A30-4D51-AFBE-95A017D4BA86}.Release|x86.Build.0 = Release|Any CPU
		{3522C56C-496D-444E-AD79-B9A39759D732}.Debug|Any CPU.ActiveCfg = Debug|Any CPU
		{3522C56C-496D-444E-AD79-B9A39759D732}.Debug|Any CPU.Build.0 = Debug|Any CPU
		{3522C56C-496D-444E-AD79-B9A39759D732}.Debug|x64.ActiveCfg = Debug|Any CPU
		{3522C56C-496D-444E-AD79-B9A39759D732}.Debug|x64.Build.0 = Debug|Any CPU
		{3522C56C-496D-444E-AD79-B9A39759D732}.Debug|x86.ActiveCfg = Debug|Any CPU
		{3522C56C-496D-444E-AD79-B9A39759D732}.Debug|x86.Build.0 = Debug|Any CPU
		{3522C56C-496D-444E-AD79-B9A39759D732}.Release|Any CPU.ActiveCfg = Release|Any CPU
		{3522C56C-496D-444E-AD79-B9A39759D732}.Release|Any CPU.Build.0 = Release|Any CPU
		{3522C56C-496D-444E-AD79-B9A39759D732}.Release|x64.ActiveCfg = Release|Any CPU
		{3522C56C-496D-444E-AD79-B9A39759D732}.Release|x64.Build.0 = Release|Any CPU
		{3522C56C-496D-444E-AD79-B9A39759D732}.Release|x86.ActiveCfg = Release|Any CPU
		{3522C56C-496D-444E-AD79-B9A39759D732}.Release|x86.Build.0 = Release|Any CPU
		{0634016F-F9C3-42D4-AEA3-4468F7B763C1}.Debug|Any CPU.ActiveCfg = Debug|Any CPU
		{0634016F-F9C3-42D4-AEA3-4468F7B763C1}.Debug|Any CPU.Build.0 = Debug|Any CPU
		{0634016F-F9C3-42D4-AEA3-4468F7B763C1}.Debug|x64.ActiveCfg = Debug|Any CPU
		{0634016F-F9C3-42D4-AEA3-4468F7B763C1}.Debug|x64.Build.0 = Debug|Any CPU
		{0634016F-F9C3-42D4-AEA3-4468F7B763C1}.Debug|x86.ActiveCfg = Debug|Any CPU
		{0634016F-F9C3-42D4-AEA3-4468F7B763C1}.Debug|x86.Build.0 = Debug|Any CPU
		{0634016F-F9C3-42D4-AEA3-4468F7B763C1}.Release|Any CPU.ActiveCfg = Release|Any CPU
		{0634016F-F9C3-42D4-AEA3-4468F7B763C1}.Release|Any CPU.Build.0 = Release|Any CPU
		{0634016F-F9C3-42D4-AEA3-4468F7B763C1}.Release|x64.ActiveCfg = Release|Any CPU
		{0634016F-F9C3-42D4-AEA3-4468F7B763C1}.Release|x64.Build.0 = Release|Any CPU
		{0634016F-F9C3-42D4-AEA3-4468F7B763C1}.Release|x86.ActiveCfg = Release|Any CPU
		{0634016F-F9C3-42D4-AEA3-4468F7B763C1}.Release|x86.Build.0 = Release|Any CPU
	EndGlobalSection
	GlobalSection(SolutionProperties) = preSolution
		HideSolutionNode = FALSE
	EndGlobalSection
	GlobalSection(ExtensibilityGlobals) = postSolution
		SolutionGuid = {9C97C1B9-D4AD-455D-B75C-D2F0F7DB8EBB}
	EndGlobalSection
EndGlobal
